
Microsoft Visual Studio Solution File, Format Version 12.00
# Visual Studio Version 17
VisualStudioVersion = 17.6.33712.159
MinimumVisualStudioVersion = 10.0.40219.1
Project("{FAE04EC0-301F-11D3-BF4B-00C04F79EFBC}") = "Hepra_testing_Mudblazor.Client", "Client\Hepra_testing_Mudblazor.Client.csproj", "{FB1BC1E9-3CC4-46DD-B7B6-3DC196A22230}"
EndProject
Project("{FAE04EC0-301F-11D3-BF4B-00C04F79EFBC}") = "Hepra_testing_Mudblazor.Server", "Server\Hepra_testing_Mudblazor.Server.csproj", "{EDF9E6B7-7824-48FC-B730-66C1FA86796A}"
EndProject
Project("{2150E333-8FDC-42A3-9474-1A3956D46DE8}") = "src", "src", "{5F170A6A-B9AB-4422-82E7-D8AFB9C53F81}"
EndProject
Project("{2150E333-8FDC-42A3-9474-1A3956D46DE8}") = "tests", "tests", "{873F9113-4E3F-4020-98CA-633BE4FFB3B7}"
EndProject
Project("{FAE04EC0-301F-11D3-BF4B-00C04F79EFBC}") = "Application", "Application\Application.csproj", "{4E5785D3-D9EF-4C94-8991-705D130232CD}"
EndProject
Project("{FAE04EC0-301F-11D3-BF4B-00C04F79EFBC}") = "Domain", "Domain\Domain.csproj", "{0E5133AB-C061-4DE8-A408-A25E7F9B277D}"
EndProject
Project("{FAE04EC0-301F-11D3-BF4B-00C04F79EFBC}") = "Infrastructure", "Infrastructure\Infrastructure.csproj", "{F1BE2DBC-4713-47CE-BA0C-AB876E4B9DC9}"
EndProject
Global
	GlobalSection(SolutionConfigurationPlatforms) = preSolution
		Debug|Any CPU = Debug|Any CPU
		Release|Any CPU = Release|Any CPU
	EndGlobalSection
	GlobalSection(ProjectConfigurationPlatforms) = postSolution
		{FB1BC1E9-3CC4-46DD-B7B6-3DC196A22230}.Debug|Any CPU.ActiveCfg = Debug|Any CPU
		{FB1BC1E9-3CC4-46DD-B7B6-3DC196A22230}.Debug|Any CPU.Build.0 = Debug|Any CPU
		{FB1BC1E9-3CC4-46DD-B7B6-3DC196A22230}.Release|Any CPU.ActiveCfg = Release|Any CPU
		{FB1BC1E9-3CC4-46DD-B7B6-3DC196A22230}.Release|Any CPU.Build.0 = Release|Any CPU
		{EDF9E6B7-7824-48FC-B730-66C1FA86796A}.Debug|Any CPU.ActiveCfg = Debug|Any CPU
		{EDF9E6B7-7824-48FC-B730-66C1FA86796A}.Debug|Any CPU.Build.0 = Debug|Any CPU
		{EDF9E6B7-7824-48FC-B730-66C1FA86796A}.Release|Any CPU.ActiveCfg = Release|Any CPU
		{EDF9E6B7-7824-48FC-B730-66C1FA86796A}.Release|Any CPU.Build.0 = Release|Any CPU
		{4E5785D3-D9EF-4C94-8991-705D130232CD}.Debug|Any CPU.ActiveCfg = Debug|Any CPU
		{4E5785D3-D9EF-4C94-8991-705D130232CD}.Debug|Any CPU.Build.0 = Debug|Any CPU
		{4E5785D3-D9EF-4C94-8991-705D130232CD}.Release|Any CPU.ActiveCfg = Release|Any CPU
		{4E5785D3-D9EF-4C94-8991-705D130232CD}.Release|Any CPU.Build.0 = Release|Any CPU
		{0E5133AB-C061-4DE8-A408-A25E7F9B277D}.Debug|Any CPU.ActiveCfg = Debug|Any CPU
		{0E5133AB-C061-4DE8-A408-A25E7F9B277D}.Debug|Any CPU.Build.0 = Debug|Any CPU
		{0E5133AB-C061-4DE8-A408-A25E7F9B277D}.Release|Any CPU.ActiveCfg = Release|Any CPU
		{0E5133AB-C061-4DE8-A408-A25E7F9B277D}.Release|Any CPU.Build.0 = Release|Any CPU
		{F1BE2DBC-4713-47CE-BA0C-AB876E4B9DC9}.Debug|Any CPU.ActiveCfg = Debug|Any CPU
		{F1BE2DBC-4713-47CE-BA0C-AB876E4B9DC9}.Debug|Any CPU.Build.0 = Debug|Any CPU
		{F1BE2DBC-4713-47CE-BA0C-AB876E4B9DC9}.Release|Any CPU.ActiveCfg = Release|Any CPU
		{F1BE2DBC-4713-47CE-BA0C-AB876E4B9DC9}.Release|Any CPU.Build.0 = Release|Any CPU
	EndGlobalSection
	GlobalSection(SolutionProperties) = preSolution
		HideSolutionNode = FALSE
	EndGlobalSection
	GlobalSection(NestedProjects) = preSolution
		{FB1BC1E9-3CC4-46DD-B7B6-3DC196A22230} = {5F170A6A-B9AB-4422-82E7-D8AFB9C53F81}
		{EDF9E6B7-7824-48FC-B730-66C1FA86796A} = {5F170A6A-B9AB-4422-82E7-D8AFB9C53F81}
		{4E5785D3-D9EF-4C94-8991-705D130232CD} = {5F170A6A-B9AB-4422-82E7-D8AFB9C53F81}
		{0E5133AB-C061-4DE8-A408-A25E7F9B277D} = {5F170A6A-B9AB-4422-82E7-D8AFB9C53F81}
		{F1BE2DBC-4713-47CE-BA0C-AB876E4B9DC9} = {5F170A6A-B9AB-4422-82E7-D8AFB9C53F81}
	EndGlobalSection
	GlobalSection(ExtensibilityGlobals) = postSolution
		SolutionGuid = {DDEF6A9F-F3C3-4EF3-97C6-C7AAFAAD42EE}
	EndGlobalSection
EndGlobal
